
Microsoft Visual Studio Solution File, Format Version 12.00
# Visual Studio Version 16
VisualStudioVersion = 16.0.29519.181
MinimumVisualStudioVersion = 10.0.40219.1
Project("{FAE04EC0-301F-11D3-BF4B-00C04F79EFBC}") = "NIISOSL", "NIISOSL\NIISOSL.csproj", "{18691CE6-42EB-49C4-A8A7-8E82A374DF02}"
EndProject
Global
	GlobalSection(SolutionConfigurationPlatforms) = preSolution
		Debug|Any CPU = Debug|Any CPU
		Release|Any CPU = Release|Any CPU
	EndGlobalSection
	GlobalSection(ProjectConfigurationPlatforms) = postSolution
		{18691CE6-42EB-49C4-A8A7-8E82A374DF02}.Debug|Any CPU.ActiveCfg = Debug|Any CPU
		{18691CE6-42EB-49C4-A8A7-8E82A374DF02}.Debug|Any CPU.Build.0 = Debug|Any CPU
		{18691CE6-42EB-49C4-A8A7-8E82A374DF02}.Release|Any CPU.ActiveCfg = Release|Any CPU
		{18691CE6-42EB-49C4-A8A7-8E82A374DF02}.Release|Any CPU.Build.0 = Release|Any CPU
	EndGlobalSection
	GlobalSection(SolutionProperties) = preSolution
		HideSolutionNode = FALSE
	EndGlobalSection
	GlobalSection(ExtensibilityGlobals) = postSolution
		SolutionGuid = {094AFF01-4A38-4415-A95D-B5E758536020}
	EndGlobalSection
EndGlobal
